
Microsoft Visual Studio Solution File, Format Version 12.00
# Visual Studio 15
VisualStudioVersion = 15.0.27130.2010
MinimumVisualStudioVersion = 10.0.40219.1
Project("{FAE04EC0-301F-11D3-BF4B-00C04F79EFBC}") = "Arcanoid", "Arcanoid\Arcanoid.csproj", "{4BE6BAA1-C546-49E5-ACF4-5BFACFF348EE}"
EndProject
Global
	GlobalSection(SolutionConfigurationPlatforms) = preSolution
		Debug|Any CPU = Debug|Any CPU
		Release|Any CPU = Release|Any CPU
	EndGlobalSection
	GlobalSection(ProjectConfigurationPlatforms) = postSolution
		{4BE6BAA1-C546-49E5-ACF4-5BFACFF348EE}.Debug|Any CPU.ActiveCfg = Debug|Any CPU
		{4BE6BAA1-C546-49E5-ACF4-5BFACFF348EE}.Debug|Any CPU.Build.0 = Debug|Any CPU
		{4BE6BAA1-C546-49E5-ACF4-5BFACFF348EE}.Release|Any CPU.ActiveCfg = Release|Any CPU
		{4BE6BAA1-C546-49E5-ACF4-5BFACFF348EE}.Release|Any CPU.Build.0 = Release|Any CPU
	EndGlobalSection
	GlobalSection(SolutionProperties) = preSolution
		HideSolutionNode = FALSE
	EndGlobalSection
	GlobalSection(ExtensibilityGlobals) = postSolution
		SolutionGuid = {6E087DF4-EEBA-45DD-9CDC-867CFF7A3252}
	EndGlobalSection
EndGlobal
